PODS:
  - HYHudManager (0.0.2):
    - MBProgressHUD (~> 1.0.0)
    - SVProgressHUD (~> 2.1.0)
  - MBProgressHUD (1.0.0)
  - SVProgressHUD (2.1.2)

DEPENDENCIES:
  - HYHudManager (from `../`)

SPEC REPOS:
  https://github.com/cocoapods/specs.git:
    - MBProgressHUD
    - SVProgressHUD

EXTERNAL SOURCES:
  HYHudManager:
    :path: "../"

SPEC CHECKSUMS:
  HYHudManager: 8cf9c4e98bc0aed8f93bd387e2594a9fd4048b44
  MBProgressHUD: 4890f671c94e8a0f3cf959aa731e9de2f036d71a
  SVProgressHUD: c404a55d78acbeb7ebb78b76d3faf986475a6994

PODFILE CHECKSUM: 5ec9186521b4ff9cb0ba8cb3df815b6a56fd18cc

COCOAPODS: 1.5.2
